
Microsoft Visual Studio Solution File, Format Version 9.00
# Visual Studio 2005
Project("{FAE04EC0-301F-11D3-BF4B-00C04F79EFBC}") = "nAsterisk", "nAsterisk.Common\nAsterisk.csproj", "{44082AD5-D04F-462F-9681-71C927CAA105}"
EndProject
Project("{FAE04EC0-301F-11D3-BF4B-00C04F79EFBC}") = "CliAgiHost", "CliAgiHost\CliAgiHost.csproj", "{6A277CAE-9F5D-42EC-8D9D-A759F198E3C0}"
EndProject
Project("{FAE04EC0-301F-11D3-BF4B-00C04F79EFBC}") = "nAsterisk.Scripts", "nAsterisk.Scripts\nAsterisk.Scripts.csproj", "{86AEC336-FBD9-488B-A1F1-FC118C44A952}"
EndProject
Global
	GlobalSection(TeamFoundationVersionControl) = preSolution
		SccNumberOfProjects = 4
		SccEnterpriseProvider = {4CA58AB2-18FA-4F8D-95D4-32DDF27D184C}
		SccTeamFoundationServer = https://tfs04.codeplex.com/
		SccLocalPath0 = .
		SccProjectUniqueName1 = nAsterisk.Common\\nAsterisk.csproj
		SccProjectName1 = nAsterisk.Common
		SccLocalPath1 = nAsterisk.Common
		SccProjectUniqueName2 = CliAgiHost\\CliAgiHost.csproj
		SccProjectName2 = CliAgiHost
		SccLocalPath2 = CliAgiHost
		SccProjectUniqueName3 = nAsterisk.Scripts\\nAsterisk.Scripts.csproj
		SccProjectName3 = nAsterisk.Scripts
		SccLocalPath3 = nAsterisk.Scripts
	EndGlobalSection
	GlobalSection(SolutionConfigurationPlatforms) = preSolution
		Debug|Any CPU = Debug|Any CPU
		Release|Any CPU = Release|Any CPU
	EndGlobalSection
	GlobalSection(ProjectConfigurationPlatforms) = postSolution
		{44082AD5-D04F-462F-9681-71C927CAA105}.Debug|Any CPU.ActiveCfg = Debug|Any CPU
		{44082AD5-D04F-462F-9681-71C927CAA105}.Debug|Any CPU.Build.0 = Debug|Any CPU
		{44082AD5-D04F-462F-9681-71C927CAA105}.Release|Any CPU.ActiveCfg = Release|Any CPU
		{44082AD5-D04F-462F-9681-71C927CAA105}.Release|Any CPU.Build.0 = Release|Any CPU
		{6A277CAE-9F5D-42EC-8D9D-A759F198E3C0}.Debug|Any CPU.ActiveCfg = Debug|Any CPU
		{6A277CAE-9F5D-42EC-8D9D-A759F198E3C0}.Debug|Any CPU.Build.0 = Debug|Any CPU
		{6A277CAE-9F5D-42EC-8D9D-A759F198E3C0}.Release|Any CPU.ActiveCfg = Release|Any CPU
		{6A277CAE-9F5D-42EC-8D9D-A759F198E3C0}.Release|Any CPU.Build.0 = Release|Any CPU
		{86AEC336-FBD9-488B-A1F1-FC118C44A952}.Debug|Any CPU.ActiveCfg = Debug|Any CPU
		{86AEC336-FBD9-488B-A1F1-FC118C44A952}.Debug|Any CPU.Build.0 = Debug|Any CPU
		{86AEC336-FBD9-488B-A1F1-FC118C44A952}.Release|Any CPU.ActiveCfg = Release|Any CPU
		{86AEC336-FBD9-488B-A1F1-FC118C44A952}.Release|Any CPU.Build.0 = Release|Any CPU
	EndGlobalSection
	GlobalSection(SolutionProperties) = preSolution
		HideSolutionNode = FALSE
	EndGlobalSection
EndGlobal
